# This file is automatically @generated by Cargo.
# It is not intended for manual editing.
version = 4

[[package]]
name = "autocfg"
version = "1.5.0"
source = "registry+https://github.com/rust-lang/crates.io-index"
checksum = "c08606f8c3cbf4ce6ec8e28fb0014a2c086708fe954eaa885384a6165172e7e8"

[[package]]
name = "bigdecimal"
version = "0.4.10"
source = "registry+https://github.com/rust-lang/crates.io-index"
checksum = "4d6867f1565b3aad85681f1015055b087fcfd840d6aeee6eee7f2da317603695"
dependencies = [
 "autocfg",
 "libm",
 "num-bigint",
 "num-integer",
 "num-traits",
]

[[package]]
name = "cbor2"
version = "0.1.0"
dependencies = [
 "bigdecimal",
 "half",
 "num-bigint",
 "pyo3",
 "pyo3-build-config",
]

[[package]]
name = "cfg-if"
version = "1.0.4"
source = "registry+https://github.com/rust-lang/crates.io-index"
checksum = "9330f8b2ff13f34540b44e946ef35111825727b38d33286ef986142615121801"

[[package]]
name = "crunchy"
version = "0.2.4"
source = "registry+https://github.com/rust-lang/crates.io-index"
checksum = "460fbee9c2c2f33933d720630a6a0bac33ba7053db5344fac858d4b8952d77d5"

[[package]]
name = "half"
version = "2.7.1"
source = "registry+https://github.com/rust-lang/crates.io-index"
checksum = "6ea2d84b969582b4b1864a92dc5d27cd2b77b622a8d79306834f1be5ba20d84b"
dependencies = [
 "cfg-if",
 "crunchy",
 "zerocopy",
]

[[package]]
name = "heck"
version = "0.5.0"
source = "registry+https://github.com/rust-lang/crates.io-index"
checksum = "2304e00983f87ffb38b55b444b5e3b60a884b5d30c0fca7d82fe33449bbe55ea"

[[package]]
name = "libc"
version = "0.2.182"
source = "registry+https://github.com/rust-lang/crates.io-index"
checksum = "6800badb6cb2082ffd7b6a67e6125bb39f18782f793520caee8cb8846be06112"

[[package]]
name = "libm"
version = "0.2.16"
source = "registry+https://github.com/rust-lang/crates.io-index"
checksum = "b6d2cec3eae94f9f509c767b45932f1ada8350c4bdb85af2fcab4a3c14807981"

[[package]]
name = "num-bigint"
version = "0.4.6"
source = "registry+https://github.com/rust-lang/crates.io-index"
checksum = "a5e44f723f1133c9deac646763579fdb3ac745e418f2a7af9cd0c431da1f20b9"
dependencies = [
 "num-integer",
 "num-traits",
]

[[package]]
name = "num-integer"
version = "0.1.46"
source = "registry+https://github.com/rust-lang/crates.io-index"
checksum = "7969661fd2958a5cb096e56c8e1ad0444ac2bbcd0061bd28660485a44879858f"
dependencies = [
 "num-traits",
]

[[package]]
name = "num-traits"
version = "0.2.19"
source = "registry+https://github.com/rust-lang/crates.io-index"
checksum = "071dfc062690e90b734c0b2273ce72ad0ffa95f0c74596bc250dcfd960262841"
dependencies = [
 "autocfg",
]

[[package]]
name = "once_cell"
version = "1.21.3"
source = "registry+https://github.com/rust-lang/crates.io-index"
checksum = "42f5e15c9953c5e4ccceeb2e7382a716482c34515315f7b03532b8b4e8393d2d"

[[package]]
name = "portable-atomic"
version = "1.13.1"
source = "registry+https://github.com/rust-lang/crates.io-index"
checksum = "c33a9471896f1c69cecef8d20cbe2f7accd12527ce60845ff44c153bb2a21b49"

[[package]]
name = "proc-macro2"
version = "1.0.106"
source = "registry+https://github.com/rust-lang/crates.io-index"
checksum = "8fd00f0bb2e90d81d1044c2b32617f68fcb9fa3bb7640c23e9c748e53fb30934"
dependencies = [
 "unicode-ident",
]

[[package]]
name = "pyo3"
version = "0.28.1"
source = "registry+https://github.com/rust-lang/crates.io-index"
checksum = "14c738662e2181be11cb82487628404254902bb3225d8e9e99c31f3ef82a405c"
dependencies = [
 "bigdecimal",
 "libc",
 "num-bigint",
 "num-traits",
 "once_cell",
 "portable-atomic",
 "pyo3-build-config",
 "pyo3-ffi",
 "pyo3-macros",
]

[[package]]
name = "pyo3-build-config"
version = "0.28.1"
source = "registry+https://github.com/rust-lang/crates.io-index"
checksum = "f9ca0864a7dd3c133a7f3f020cbff2e12e88420da854c35540fd20ce2d60e435"
dependencies = [
 "target-lexicon",
]

[[package]]
name = "pyo3-ffi"
version = "0.28.1"
source = "registry+https://github.com/rust-lang/crates.io-index"
checksum = "9dfc1956b709823164763a34cc42bbfd26b8730afa77809a3df8b94a3ae3b059"
dependencies = [
 "libc",
 "pyo3-build-config",
]

[[package]]
name = "pyo3-macros"
version = "0.28.1"
source = "registry+https://github.com/rust-lang/crates.io-index"
checksum = "29dc660ad948bae134d579661d08033fbb1918f4529c3bbe3257a68f2009ddf2"
dependencies = [
 "proc-macro2",
 "pyo3-macros-backend",
 "quote",
 "syn",
]

[[package]]
name = "pyo3-macros-backend"
version = "0.28.1"
source = "registry+https://github.com/rust-lang/crates.io-index"
checksum = "e78cd6c6d718acfcedf26c3d21fe0f053624368b0d44298c55d7138fde9331f7"
dependencies = [
 "heck",
 "proc-macro2",
 "pyo3-build-config",
 "quote",
 "syn",
]

[[package]]
name = "quote"
version = "1.0.44"
source = "registry+https://github.com/rust-lang/crates.io-index"
checksum = "21b2ebcf727b7760c461f091f9f0f539b77b8e87f2fd88131e7f1b433b3cece4"
dependencies = [
 "proc-macro2",
]

[[package]]
name = "syn"
version = "2.0.115"
source = "registry+https://github.com/rust-lang/crates.io-index"
checksum = "6e614ed320ac28113fa64972c4262d5dbc89deacdfd00c34a3e4cea073243c12"
dependencies = [
 "proc-macro2",
 "quote",
 "unicode-ident",
]

[[package]]
name = "target-lexicon"
version = "0.13.4"
source = "registry+https://github.com/rust-lang/crates.io-index"
checksum = "b1dd07eb858a2067e2f3c7155d54e929265c264e6f37efe3ee7a8d1b5a1dd0ba"

[[package]]
name = "unicode-ident"
version = "1.0.23"
source = "registry+https://github.com/rust-lang/crates.io-index"
checksum = "537dd038a89878be9b64dd4bd1b260315c1bb94f4d784956b81e27a088d9a09e"

[[package]]
name = "zerocopy"
version = "0.8.39"
source = "registry+https://github.com/rust-lang/crates.io-index"
checksum = "db6d35d663eadb6c932438e763b262fe1a70987f9ae936e60158176d710cae4a"
dependencies = [
 "zerocopy-derive",
]

[[package]]
name = "zerocopy-derive"
version = "0.8.39"
source = "registry+https://github.com/rust-lang/crates.io-index"
checksum = "4122cd3169e94605190e77839c9a40d40ed048d305bfdc146e7df40ab0f3e517"
dependencies = [
 "proc-macro2",
 "quote",
 "syn",
]
